
Microsoft Visual Studio Solution File, Format Version 12.00
# Visual Studio Version 17
VisualStudioVersion = 17.2.32630.192
MinimumVisualStudioVersion = 10.0.40219.1
Project("{FAE04EC0-301F-11D3-BF4B-00C04F79EFBC}") = "Scoropan_Delia_lab2", "Scoropan_Delia_lab2\Scoropan_Delia_lab2.csproj", "{631DE376-4663-4CC5-BD63-B6A4B73E905D}"
EndProject
Global
	GlobalSection(SolutionConfigurationPlatforms) = preSolution
		Debug|Any CPU = Debug|Any CPU
		Release|Any CPU = Release|Any CPU
	EndGlobalSection
	GlobalSection(ProjectConfigurationPlatforms) = postSolution
		{631DE376-4663-4CC5-BD63-B6A4B73E905D}.Debug|Any CPU.ActiveCfg = Debug|Any CPU
		{631DE376-4663-4CC5-BD63-B6A4B73E905D}.Debug|Any CPU.Build.0 = Debug|Any CPU
		{631DE376-4663-4CC5-BD63-B6A4B73E905D}.Release|Any CPU.ActiveCfg = Release|Any CPU
		{631DE376-4663-4CC5-BD63-B6A4B73E905D}.Release|Any CPU.Build.0 = Release|Any CPU
	EndGlobalSection
	GlobalSection(SolutionProperties) = preSolution
		HideSolutionNode = FALSE
	EndGlobalSection
	GlobalSection(ExtensibilityGlobals) = postSolution
		SolutionGuid = {560FF1B9-A3E1-4C94-B745-3623F105590F}
	EndGlobalSection
EndGlobal
